
Microsoft Visual Studio Solution File, Format Version 12.00
# Visual Studio Version 17
VisualStudioVersion = 17.4.33110.190
MinimumVisualStudioVersion = 10.0.40219.1
Project("{FAE04EC0-301F-11D3-BF4B-00C04F79EFBC}") = "Games", "Games\Games.csproj", "{D496B228-5B42-47FF-8C1F-8347440D9D46}"
EndProject
Project("{FAE04EC0-301F-11D3-BF4B-00C04F79EFBC}") = "GamesDll", "GamesDll\GamesDll.csproj", "{1C5653EA-3735-4931-86C1-3E6A02FC7B7F}"
EndProject
Project("{FAE04EC0-301F-11D3-BF4B-00C04F79EFBC}") = "GamesContext", "GamesContext\GamesContext.csproj", "{F1CBE474-930E-4712-B869-E2C47A97BF59}"
EndProject
Global
	GlobalSection(SolutionConfigurationPlatforms) = preSolution
		Debug|Any CPU = Debug|Any CPU
		Release|Any CPU = Release|Any CPU
	EndGlobalSection
	GlobalSection(ProjectConfigurationPlatforms) = postSolution
		{D496B228-5B42-47FF-8C1F-8347440D9D46}.Debug|Any CPU.ActiveCfg = Debug|Any CPU
		{D496B228-5B42-47FF-8C1F-8347440D9D46}.Debug|Any CPU.Build.0 = Debug|Any CPU
		{D496B228-5B42-47FF-8C1F-8347440D9D46}.Release|Any CPU.ActiveCfg = Release|Any CPU
		{D496B228-5B42-47FF-8C1F-8347440D9D46}.Release|Any CPU.Build.0 = Release|Any CPU
		{1C5653EA-3735-4931-86C1-3E6A02FC7B7F}.Debug|Any CPU.ActiveCfg = Debug|Any CPU
		{1C5653EA-3735-4931-86C1-3E6A02FC7B7F}.Debug|Any CPU.Build.0 = Debug|Any CPU
		{1C5653EA-3735-4931-86C1-3E6A02FC7B7F}.Release|Any CPU.ActiveCfg = Release|Any CPU
		{1C5653EA-3735-4931-86C1-3E6A02FC7B7F}.Release|Any CPU.Build.0 = Release|Any CPU
		{F1CBE474-930E-4712-B869-E2C47A97BF59}.Debug|Any CPU.ActiveCfg = Debug|Any CPU
		{F1CBE474-930E-4712-B869-E2C47A97BF59}.Debug|Any CPU.Build.0 = Debug|Any CPU
		{F1CBE474-930E-4712-B869-E2C47A97BF59}.Release|Any CPU.ActiveCfg = Release|Any CPU
		{F1CBE474-930E-4712-B869-E2C47A97BF59}.Release|Any CPU.Build.0 = Release|Any CPU
	EndGlobalSection
	GlobalSection(SolutionProperties) = preSolution
		HideSolutionNode = FALSE
	EndGlobalSection
	GlobalSection(ExtensibilityGlobals) = postSolution
		SolutionGuid = {83F9BDB8-D0E9-41DA-B825-B263485FD006}
	EndGlobalSection
EndGlobal
